lockfileVersion: '6.0'

settings:
  autoInstallPeers: true
  excludeLinksFromLockfile: false

importers:

  .:
    devDependencies:
      '@types/node':
        specifier: ^20.8.4
        version: 20.12.8
      prettier:
        specifier: ^3.2.5
        version: 3.2.5
      typescript:
        specifier: next
        version: 5.5.0-dev.20240503

  packages/di:
    dependencies:
      reflect-metadata:
        specifier: ^0.2.2
        version: 0.2.2
      tslib:
        specifier: ^2.6.0
        version: 2.6.2
    devDependencies:
      '@crudify-js/http':
        specifier: workspace:*
        version: link:../http
      '@crudify-js/process':
        specifier: workspace:*
        version: link:../process
      typescript:
        specifier: next
        version: 5.5.0-dev.20240503

  packages/di-app:
    dependencies:
      '@crudify-js/di':
        specifier: workspace:*
        version: link:../di
      '@crudify-js/di-router':
        specifier: workspace:*
        version: link:../di-router
      '@crudify-js/http':
        specifier: workspace:*
        version: link:../http
      reflect-metadata:
        specifier: ^0.2.2
        version: 0.2.2
      tslib:
        specifier: ^2.6.0
        version: 2.6.2
    devDependencies:
      '@crudify-js/process':
        specifier: workspace:*
        version: link:../process
      typescript:
        specifier: next
        version: 5.6.0-dev.20240718

  packages/di-router:
    dependencies:
      '@crudify-js/di':
        specifier: workspace:*
        version: link:../di
      reflect-metadata:
        specifier: ^0.2.2
        version: 0.2.2
      tslib:
        specifier: ^2.6.0
        version: 2.6.2
    devDependencies:
      '@crudify-js/http':
        specifier: workspace:*
        version: link:../http
      '@crudify-js/process':
        specifier: workspace:*
        version: link:../process
      typescript:
        specifier: next
        version: 5.5.0-dev.20240504

  packages/examples-1: {}

  packages/http:
    dependencies:
      '@hapi/accept':
        specifier: ^6.0.3
        version: 6.0.3
      '@hapi/bourne':
        specifier: ^3.0.0
        version: 3.0.0
      cookie:
        specifier: ^0.6.0
        version: 0.6.0
      http-errors:
        specifier: ^2.0.0
        version: 2.0.0
      tslib:
        specifier: ^2.6.2
        version: 2.6.2
    devDependencies:
      '@types/cookie':
        specifier: ^0.6.0
        version: 0.6.0
      '@types/http-errors':
        specifier: ^2.0.4
        version: 2.0.4
      typescript:
        specifier: next
        version: 5.5.0-dev.20240503

  packages/process:
    dependencies:
      tslib:
        specifier: ^2.6.2
        version: 2.6.2
    devDependencies:
      typescript:
        specifier: next
        version: 5.5.0-dev.20240503

packages:

  /@hapi/accept@6.0.3:
    resolution: {integrity: sha512-p72f9k56EuF0n3MwlBNThyVE5PXX40g+aQh+C/xbKrfzahM2Oispv3AXmOIU51t3j77zay1qrX7IIziZXspMlw==}
    dependencies:
      '@hapi/boom': 10.0.1
      '@hapi/hoek': 11.0.4
    dev: false

  /@hapi/boom@10.0.1:
    resolution: {integrity: sha512-ERcCZaEjdH3OgSJlyjVk8pHIFeus91CjKP3v+MpgBNp5IvGzP2l/bRiD78nqYcKPaZdbKkK5vDBVPd2ohHBlsA==}
    dependencies:
      '@hapi/hoek': 11.0.4
    dev: false

  /@hapi/bourne@3.0.0:
    resolution: {integrity: sha512-Waj1cwPXJDucOib4a3bAISsKJVb15MKi9IvmTI/7ssVEm6sywXGjVJDhl6/umt1pK1ZS7PacXU3A1PmFKHEZ2w==}
    dev: false

  /@hapi/hoek@11.0.4:
    resolution: {integrity: sha512-PnsP5d4q7289pS2T2EgGz147BFJ2Jpb4yrEdkpz2IhgEUzos1S7HTl7ezWh1yfYzYlj89KzLdCRkqsP6SIryeQ==}
    dev: false

  /@types/cookie@0.6.0:
    resolution: {integrity: sha512-4Kh9a6B2bQciAhf7FSuMRRkUWecJgJu9nPnx3yzpsfXX/c50REIqpHY4C82bXP90qrLtXtkDxTZosYO3UpOwlA==}
    dev: true

  /@types/http-errors@2.0.4:
    resolution: {integrity: sha512-D0CFMMtydbJAegzOyHjtiKPLlvnm3iTZyZRSZoLq2mRhDdmLfIWOCYPfQJ4cu2erKghU++QvjcUjp/5h7hESpA==}
    dev: true

  /@types/node@20.12.8:
    resolution: {integrity: sha512-NU0rJLJnshZWdE/097cdCBbyW1h4hEg0xpovcoAQYHl8dnEyp/NAOiE45pvc+Bd1Dt+2r94v2eGFpQJ4R7g+2w==}
    dependencies:
      undici-types: 5.26.5
    dev: true

  /cookie@0.6.0:
    resolution: {integrity: sha512-U71cyTamuh1CRNCfpGY6to28lxvNwPG4Guz/EVjgf3Jmzv0vlDp1atT9eS5dDjMYHucpHbWns6Lwf3BKz6svdw==}
    engines: {node: '>= 0.6'}
    dev: false

  /depd@2.0.0:
    resolution: {integrity: sha512-g7nH6P6dyDioJogAAGprGpCtVImJhpPk/roCzdb3fIh61/s/nPsfR6onyMwkCAR/OlC3yBC0lESvUoQEAssIrw==}
    engines: {node: '>= 0.8'}
    dev: false

  /http-errors@2.0.0:
    resolution: {integrity: sha512-FtwrG/euBzaEjYeRqOgly7G0qviiXoJWnvEH2Z1plBdXgbyjv34pHTSb9zoeHMyDy33+DWy5Wt9Wo+TURtOYSQ==}
    engines: {node: '>= 0.8'}
    dependencies:
      depd: 2.0.0
      inherits: 2.0.4
      setprototypeof: 1.2.0
      statuses: 2.0.1
      toidentifier: 1.0.1
    dev: false

  /inherits@2.0.4:
    resolution: {integrity: sha512-k/vGaX4/Yla3WzyMCvTQOXYeIHvqOKtnqBduzTHpzpQZzAskKMhZ2K+EnBiSM9zGSoIFeMpXKxa4dYeZIQqewQ==}
    dev: false

  /prettier@3.2.5:
    resolution: {integrity: sha512-3/GWa9aOC0YeD7LUfvOG2NiDyhOWRvt1k+rcKhOuYnMY24iiCphgneUfJDyFXd6rZCAnuLBv6UeAULtrhT/F4A==}
    engines: {node: '>=14'}
    hasBin: true
    dev: true

  /reflect-metadata@0.2.2:
    resolution: {integrity: sha512-urBwgfrvVP/eAyXx4hluJivBKzuEbSQs9rKWCrCkbSxNv8mxPcUZKeuoF3Uy4mJl3Lwprp6yy5/39VWigZ4K6Q==}
    dev: false

  /setprototypeof@1.2.0:
    resolution: {integrity: sha512-E5LDX7Wrp85Kil5bhZv46j8jOeboKq5JMmYM3gVGdGH8xFpPWXUMsNrlODCrkoxMEeNi/XZIwuRvY4XNwYMJpw==}
    dev: false

  /statuses@2.0.1:
    resolution: {integrity: sha512-RwNA9Z/7PrK06rYLIzFMlaF+l73iwpzsqRIFgbMLbTcLD6cOao82TaWefPXQvB2fOC4AjuYSEndS7N/mTCbkdQ==}
    engines: {node: '>= 0.8'}
    dev: false

  /toidentifier@1.0.1:
    resolution: {integrity: sha512-o5sSPKEkg/DIQNmH43V0/uerLrpzVedkUh8tGNvaeXpfpuwjKenlSox/2O/BTlZUtEe+JG7s5YhEz608PlAHRA==}
    engines: {node: '>=0.6'}
    dev: false

  /tslib@2.6.2:
    resolution: {integrity: sha512-AEYxH93jGFPn/a2iVAwW87VuUIkR1FVUKB77NwMF7nBTDkDrrT/Hpt/IrCJ0QXhW27jTBDcf5ZY7w6RiqTMw2Q==}
    dev: false

  /typescript@5.5.0-dev.20240503:
    resolution: {integrity: sha512-tOdPPinGIa3zx6xEhbvrNseqE+4ODzcDBLl9cFAnSsOrbjlXaQVMdDRXR2T8pS4GR4mc0aoU5XX+sP61ynHgAQ==}
    engines: {node: '>=14.17'}
    hasBin: true
    dev: true

  /typescript@5.5.0-dev.20240504:
    resolution: {integrity: sha512-DCn87xYYzHMmF56NZpjUNpZO5GujB3Xr2JdJh1AP8U2FcUM40h0ZWqFXbqF+qukJ7B8LG5HIRIaNfl8+z/c8vw==}
    engines: {node: '>=14.17'}
    hasBin: true
    dev: true

  /typescript@5.6.0-dev.20240718:
    resolution: {integrity: sha512-ucS1XFGhQjvY/YIYRt6GQMu3My4pffT3H+xEMq8b/RhFLClcR93IMeBKe1e77RQ7gHiS+4W6LXTCUpbmQnpWSw==}
    engines: {node: '>=14.17'}
    hasBin: true
    dev: true

  /undici-types@5.26.5:
    resolution: {integrity: sha512-JlCMO+ehdEIKqlFxk6IfVoAUVmgz7cU7zD/h9XZ0qzeosSHmUJVOzSQvvYSYWXkFXC+IfLKSIffhv0sVZup6pA==}
    dev: true
